{
  "name": "refspy.js",
  "lockfileVersion": 3,
  "requires": true,
  "packages": {
    "": {
      "dependencies": {
        "refsjs": "file:refsjs-0.11.7.tgz"
      }
    },
    "node_modules/refsjs": {
      "version": "0.11.7",
      "resolved": "file:refsjs-0.11.7.tgz",
      "integrity": "sha512-+DqtzOxVOnW8Ml/UB5ns/+xH6ulMQRYqFJhHAQIp9nxhYykJkkjWTmuc6a3nufdVh7oFeDqJTyHTBftQAbPwkA==",
      "license": "GPL-3.0-only",
      "dependencies": {
        "zod": "^3.23.0"
      }
    },
    "node_modules/zod": {
      "version": "3.25.76",
      "resolved": "https://registry.npmjs.org/zod/-/zod-3.25.76.tgz",
      "integrity": "sha512-gzUt/qt81nXsFGKIFcC3YnfEAx5NkunCfnDlvuBSSFS02bcXu4Lmea0AFIUwbLWxWPx3d9p8S5QoaujKcNQxcQ==",
      "license": "MIT",
      "funding": {
        "url": "https://github.com/sponsors/colinhacks"
      }
    }
  }
}
